<Solution>
  <Folder Name="/db/">
    <Project Path="db/Sms.Migrations/Sms.Migrations.csproj" />
  </Folder>
  <Folder Name="/src/">
    <Project Path="src/Sms.Api/Sms.Api.csproj" />
    <Project Path="src/Sms.Shared.Kernel/Sms.Shared.Kernel.csproj" />
  </Folder>
  <Folder Name="/tests/">
    <Project Path="tests/Sms.Tests.Integration/Sms.Tests.Integration.csproj" />
    <Project Path="tests/Sms.Tests.Unit/Sms.Tests.Unit.csproj" />
  </Folder>
</Solution>
